
Microsoft Visual Studio Solution File, Format Version 12.00
# Visual Studio 14
VisualStudioVersion = 14.0.25331.0
MinimumVisualStudioVersion = 10.0.40219.1
Project("{2150E333-8FDC-42A3-9474-1A3956D46DE8}") = "src", "src", "{55909112-DE04-4180-B99C-43C0963752F1}"
EndProject
Project("{2150E333-8FDC-42A3-9474-1A3956D46DE8}") = "Solution Items", "Solution Items", "{F727B538-3ECC-4597-BD88-D169B70F6FEC}"
	ProjectSection(SolutionItems) = preProject
		global.json = global.json
	EndProjectSection
EndProject
Project("{8BB2217D-0F2D-49D1-97BC-3654ED321F3B}") = "WebApplication3", "src\WebApplication3\WebApplication3.xproj", "{2E7FE23F-DDEC-44AD-BDEA-89347D0259EB}"
EndProject
Global
	GlobalSection(SolutionConfigurationPlatforms) = preSolution
		Debug|Any CPU = Debug|Any CPU
		Release|Any CPU = Release|Any CPU
	EndGlobalSection
	GlobalSection(ProjectConfigurationPlatforms) = postSolution
		{2E7FE23F-DDEC-44AD-BDEA-89347D0259EB}.Debug|Any CPU.ActiveCfg = Debug|Any CPU
		{2E7FE23F-DDEC-44AD-BDEA-89347D0259EB}.Debug|Any CPU.Build.0 = Debug|Any CPU
		{2E7FE23F-DDEC-44AD-BDEA-89347D0259EB}.Release|Any CPU.ActiveCfg = Release|Any CPU
		{2E7FE23F-DDEC-44AD-BDEA-89347D0259EB}.Release|Any CPU.Build.0 = Release|Any CPU
	EndGlobalSection
	GlobalSection(SolutionProperties) = preSolution
		HideSolutionNode = FALSE
	EndGlobalSection
	GlobalSection(NestedProjects) = preSolution
		{2E7FE23F-DDEC-44AD-BDEA-89347D0259EB} = {55909112-DE04-4180-B99C-43C0963752F1}
	EndGlobalSection
EndGlobal
